
Microsoft Visual Studio Solution File, Format Version 12.00
# Visual Studio Version 16
VisualStudioVersion = 25.0.1704.4
MinimumVisualStudioVersion = 10.0.40219.1
Project("{FAE04EC0-301F-11D3-BF4B-00C04F79EFBC}") = "API", "API\API.csproj", "{3AAF5500-53D5-4C3F-8A9F-93F838F6F33B}"
EndProject
Global
	GlobalSection(SolutionConfigurationPlatforms) = preSolution
		Debug|Any CPU = Debug|Any CPU
		Release|Any CPU = Release|Any CPU
	EndGlobalSection
	GlobalSection(ProjectConfigurationPlatforms) = postSolution
		{3AAF5500-53D5-4C3F-8A9F-93F838F6F33B}.Debug|Any CPU.ActiveCfg = Debug|Any CPU
		{3AAF5500-53D5-4C3F-8A9F-93F838F6F33B}.Debug|Any CPU.Build.0 = Debug|Any CPU
		{3AAF5500-53D5-4C3F-8A9F-93F838F6F33B}.Release|Any CPU.ActiveCfg = Release|Any CPU
		{3AAF5500-53D5-4C3F-8A9F-93F838F6F33B}.Release|Any CPU.Build.0 = Release|Any CPU
	EndGlobalSection
	GlobalSection(SolutionProperties) = preSolution
		HideSolutionNode = FALSE
	EndGlobalSection
	GlobalSection(ExtensibilityGlobals) = postSolution
		SolutionGuid = {9A347B5F-6E98-4108-A336-0E2767234BFD}
	EndGlobalSection
EndGlobal
